github.com/Azure/go-ansiterm v0.0.0-20250102033503-faa5f7b0171c h1:udKWzYgxTojEKWjV8V+WSxDXJ4NFATAsZjh8iIbsQIg=
github.com/Azure/go-ansiterm v0.0.0-20250102033503-faa5f7b0171c/go.mod h1:xomTg63KZ2rFqZQzSB4Vz2SUXa1BpHTVz9L5PTmPC4E=
github.com/KyleBanks/depth v1.2.1 h1:5h8fQADFrWtarTdtDudMmGsC7GPbOAu6RVB3ffsVFHc=
github.com/KyleBanks/depth v1.2.1/go.mod h1:jzSb9d0L43HxTQfT+oSA1EEp2q+ne2uh6XgeJcm8brE=
github.com/Microsoft/go-winio v0.6.2 h1:F2VQgta7ecxGYO8k3ZZz3RS8fVIXVxONVUPlNERoyfY=
github.com/Microsoft/go-winio v0.6.2/go.mod h1:yd8OoFMLzJbo9gZq8j5qaps8bJ9aShtEA8Ipt1oGCvU=
github.com/beorn7/perks v1.0.1 h1:VlbKKnNfV8bJzeqoa4cOKqO6bYr3WgKZxO8Z16+hsOM=
github.com/beorn7/perks v1.0.1/go.mod h1:G2ZrVWU2WbWT9wwq4/hrbKbnv/1ERSJQ0ibhJ6rlkpw=
github.com/cenkalti/backoff/v5 v5.0.3 h1:ZN+IMa753KfX5hd8vVaMixjnqRZ3y8CuJKRKj1xcsSM=
github.com/cenkalti/backoff/v5 v5.0.3/go.mod h1:rkhZdG3JZukswDf7f0cwqPNk4K0sa+F97BxZthm/crw=
github.com/cespare/xxhash/v2 v2.3.0 h1:UL815xU9SqsFlibzuggzjXhog7bL6oX9BbNZnL2UFvs=
github.com/cespare/xxhash/v2 v2.3.0/go.mod h1:VGX0DQ3Q6kWi7AoAeZDth3/j3BFtOZR5XLFGgcrjCOs=
github.com/containerd/errdefs v1.0.0 h1:tg5yIfIlQIrxYtu9ajqY42W3lpS19XqdxRQeEwYG8PI=
github.com/containerd/errdefs v1.0.0/go.mod h1:+YBYIdtsnF4Iw6nWZhJcqGSg/dwvV7tyJ/kCkyJ2k+M=
github.com/containerd/errdefs/pkg v0.3.0 h1:9IKJ06FvyNlexW690DXuQNx2KA2cUJXx151Xdx3ZPPE=
github.com/containerd/errdefs/pkg v0.3.0/go.mod h1:NJw6s9HwNuRhnjJhM7pylWwMyAkmCQvQ4GpJHEqRLVk=
github.com/davecgh/go-spew v1.1.0/go.mod h1:J7Y8YcW2NihsgmVo/mv3lAwl/skON4iLHjSsI+c5H38=
github.com/dhui/dktest v0.4.6 h1:+DPKyScKSEp3VLtbMDHcUq6V5Lm5zfZZVb0Sk7Ahom4=
github.com/dhui/dktest v0.4.6/go.mod h1:JHTSYDtKkvFNFHJKqCzVzqXecyv+tKt8EzceOmQOgbU=
github.com/distribution/reference v0.6.0 h1:0IXCQ5g4/QMHHkarYzh5l+u8T3t73zM5QvfrDyIgxBk=
github.com/distribution/reference v0.6.0/go.mod h1:BbU0aIcezP1/5jX/8MP0YiH4SdvB5Y4f/wlDRiLyi3E=
github.com/docker/docker v28.5.2+incompatible h1:DBX0Y0zAjZbSrm1uzOkdr1onVghKaftjlSWt4AFexzM=
github.com/docker/docker v28.5.2+incompatible/go.mod h1:eEKB0N0r5NX/I1kEveEz05bcu8tLC/8azJZsviup8Sk=
github.com/docker/go-connections v0.7.0 h1:6SsRfJddP22WMrCkj19x9WKjEDTB+ahsdiGYf0mN39c=
github.com/docker/go-connections v0.7.0/go.mod h1:no1qkHdjq7kLMGUXYAduOhYPSJxxvgWBh7ogVvptn3Q=
github.com/docker/go-units v0.5.0 h1:69rxXcBk27SvSaaxTtLh/8llcHD8vYHT7WSdRZ/jvr4=
github.com/docker/go-units v0.5.0/go.mod h1:fgPhTUdO+D/Jk86RDLlptpiXQzgHJF7gydDDbaIK4Dk=
github.com/exaring/otelpgx v0.13.0 h1:Vi0I2GWRS3nnVzgr73L/XbSLqthR0h6A1rm4Wt3W4aA=
github.com/exaring/otelpgx v0.13.0/go.mod h1:3OojrUKhhy3lTbYIMBijP3YjMey/jo14eHAW5cXcUdk=
github.com/felixge/httpsnoop v1.1.0 h1:3YtUj32ZZkqZtt3sZZsClsymw/QDuVfpNhoA31zeORc=
github.com/felixge/httpsnoop v1.1.0/go.mod h1:Zqxgdd+1Rkcz8euOqdr7lqgCRJztwr5hp9vDSi5UZCE=
github.com/fsnotify/fsnotify v1.10.1 h1:b0/UzAf9yR5rhf3RPm9gf3ehBPpf0oZKIjtpKrx59Ho=
github.com/fsnotify/fsnotify v1.10.1/go.mod h1:TLheqan6HD6GBK6PrDWyDPBaEV8LspOxvPSjC+bVfgo=
github.com/go-chi/chi/v5 v5.3.2 h1:5YQkICvTCSZ25hoRsyJazN0scjzKGiu4VAUc7H1o1nY=
github.com/go-chi/chi/v5 v5.3.2/go.mod h1:R+tYY2hNuVUUjxoPtqUdgBqevM9s9njzkTLutVsOCto=
github.com/go-logr/logr v1.2.2/go.mod h1:jdQByPbusPIv2/zmleS9BjJVeZ6kBagPoEUsqbVz/1A=
github.com/go-logr/logr v1.4.4 h1:tG4xh9yMsRCAiodLVTxyrkzSZ9+o0L1Kg/+cPVcbP/8=
github.com/go-logr/logr v1.4.4/go.mod h1:9T104GzyrTigFIr8wt5mBrctHMim0Nb2HLGrmQ40KvY=
github.com/go-logr/stdr v1.2.2 h1:hSWxHoqTgW2S2qGc0LTAI563KZ5YKYRhT3MFKZMbjag=
github.com/go-logr/stdr v1.2.2/go.mod h1:mMo/vtBO5dYbehREoey6XUKy/eSumjCCveDpRre4VKE=
github.com/go-openapi/jsonpointer v1.0.2 h1:NbW7xT2b+l7x+JefiPGDsZWsrLk1ogrz4AHK1TTzMt8=
github.com/go-openapi/jsonpointer v1.0.2/go.mod h1:N0rI4MbNKD7xAFTiHtB+5Nhrg2j/wwYg7m7Fmb4/jk8=
github.com/go-openapi/jsonreference v1.0.3 h1:5rDbq+JsjCv6/nUDDJt83nLZoADI4w03uvHXer+4aYQ=
github.com/go-openapi/jsonreference v1.0.3/go.mod h1:OJSlMXHysgH272D9z2tiy2MGe5A9vQLHaCPb6KbYdE4=
github.com/go-openapi/spec v1.0.1 h1:lj2vdGpNDcVgwRc6qXdw6qt/KQpCtSa9tnUH6vpDPDk=
github.com/go-openapi/spec v1.0.1/go.mod h1:M//GWQGtDUAjnP37gE6fInLgaczB+FatoipV3H1fYw8=
github.com/go-openapi/swag v0.29.2 h1:9n8frkcsuQRA0INU31VbxNxt1zBaHxrHYGEf5BUjFi4=
github.com/go-openapi/swag/conv v0.29.2 h1:8c9shoB8l0QRSR6ymq1llHdBWDqpIgJfjTGHx3Vuhm0=
github.com/go-openapi/swag/conv v0.29.2/go.mod h1:AZS0YigTNf8qNtD6WqJz/N4RUNmpr76SyjFGkq4+p6Q=
github.com/go-openapi/swag/jsonutils v0.29.2 h1:uZNSD2/rJDYAfvsLYkykTzXuyxM3QpDKV9jhRHrMu6k=
github.com/go-openapi/swag/jsonutils v0.29.2/go.mod h1:ONTdNvj3Y+IXRzfa17E+Rgt2ns/qiSOYjIo2K7v2yDs=
github.com/go-openapi/swag/jsonutils/fixtures_test v0.29.2 h1:w+Fd6EBOMGlC74GYGHqCLGyb3Bpams8TtNrgM/SG4jo=
github.com/go-openapi/swag/jsonutils/fixtures_test v0.29.2/go.mod h1:HC2egPORFzbj/gf05Zrfgz8Mgplx3oW7hgGi7pjZVhM=
github.com/go-openapi/swag/loading v0.29.2 h1:QU1ry24e6r6Shoxe380Nx0X5iKkpRO+hJffsyJ2dVlY=
github.com/go-openapi/swag/loading v0.29.2/go.mod h1:DqilDjuiJKETecsS4TRopWG1acUDsfqN39ZmQhPu6uI=
github.com/go-openapi/swag/pools v0.29.2 h1:PlGoDRF8WtSyXkedZZkpW3f9wDhFf3u8KtaBcmgmh8c=
github.com/go-openapi/swag/pools v0.29.2/go.mod h1:V3lhxVT4qDYRqc2MRSSbLsTYIYV/2HlHafhyEkmzLIc=
github.com/go-openapi/swag/stringutils v0.29.2 h1:lcnBxwAaysT3bMUVBfn9V/PkfVqkurpqufKU6rTUMGk=
github.com/go-openapi/swag/stringutils v0.29.2/go.mod h1:i9cdh7sGaa0nm3CqIvH5IM5h2QClk1wns2ktKeILvRI=
github.com/go-openapi/swag/typeutils v0.29.2 h1:O7aVvkTs3pXwikgtrPLenigEMdQFgONKRooQA9pgf2I=
github.com/go-openapi/swag/typeutils v0.29.2/go.mod h1:7+GDG+uz9Ke+eVt4rClZg7wklSDp8hT/mKNh/pC26TE=
github.com/go-openapi/swag/yamlutils v0.29.2 h1:IFKFFeDnuIwzfsuWRQU+rI8iL3g4XyAYjV/RlnlxPLM=
github.com/go-openapi/swag/yamlutils v0.29.2/go.mod h1:7MGqtcrK73sxQ4ceiyIf8qiXS/s09JLMdR5esK5euYQ=
github.com/go-openapi/testify/enable/yaml/v2 v2.7.0 h1:wPW6YRgx3+SID1yUy/Xwa17L8kFEaEKod2VRbJDZNUs=
github.com/go-openapi/testify/enable/yaml/v2 v2.7.0/go.mod h1:mI1M88etYbc3PhgHsWQK2kwvNwW5aGFqMPbmib+SGIs=
github.com/go-openapi/testify/v2 v2.8.0 h1:19QDx5b57p8KjO2E4sgs/woL4Akp+FGLRlVm2xn0Rho=
github.com/go-openapi/testify/v2 v2.8.0/go.mod h1:4gUN8jC+RqOE2qjW/vDmfyTvl5BCht4qL7oca0odrak=
github.com/golang-jwt/jwt/v5 v5.3.1 h1:kYf81DTWFe7t+1VvL7eS+jKFVWaUnK9cB1qbwn63YCY=
github.com/golang-jwt/jwt/v5 v5.3.1/go.mod h1:fxCRLWMO43lRc8nhHWY6LGqRcf+1gQWArsqaEUEa5bE=
github.com/golang-migrate/migrate/v4 v4.20.1 h1:2N/ToVTKrKl58ynBpgeVJ4In7VcLCjWTZtm4eP1LxhU=
github.com/golang-migrate/migrate/v4 v4.20.1/go.mod h1:DDPgKVb4ovSWc4FwSPfV2Uz1160f4XBiTHTrAJtljmM=
github.com/golang/protobuf v1.5.4 h1:i7eJL8qZTpSEXOPTxNKhASYpMn+8e5Q6AdndVa1dWek=
github.com/golang/protobuf v1.5.4/go.mod h1:lnTiLA8Wa4RWRcIUkrtSVa5nRhsEGBg48fD6rSs7xps=
github.com/google/go-cmp v0.7.0 h1:wk8382ETsv4JYUZwIsn6YpYiWiBsYLSJiTsyBybVuN8=
github.com/google/go-cmp v0.7.0/go.mod h1:pXiqmnSA92OHEEa9HXL2W4E7lf9JzCmGVUdgjX3N/iU=
github.com/google/uuid v1.6.0 h1:NIvaJDMOsjHA8n1jAhLSgzrAzy1Hgr+hNrb57e+94F0=
github.com/google/uuid v1.6.0/go.mod h1:TIyPZe4MgqvfeYDBFedMoGGpEw/LqOeaOT+nhxU+yHo=
github.com/grpc-ecosystem/grpc-gateway/v2 v2.31.0 h1:Bd7KaOxzULLxtZ/K5s1aLbWhR0+5RToO65TXHsf3bqQ=
github.com/grpc-ecosystem/grpc-gateway/v2 v2.31.0/go.mod h1:nN7ts3dFXKtCZWc//yfkpcQNKJABg16/uDVAZpLDalo=
github.com/jackc/pgerrcode v0.0.0-20250907135507-afb5586c32a6 h1:D/V0gu4zQ3cL2WKeVNVM4r2gLxGGf6McLwgXzRTo2RQ=
github.com/jackc/pgerrcode v0.0.0-20250907135507-afb5586c32a6/go.mod h1:a/s9Lp5W7n/DD0VrVoyJ00FbP2ytTPDVOivvn2bMlds=
github.com/jackc/pgpassfile v1.0.0 h1:/6Hmqy13Ss2zCq62VdNG8tM1wchn8zjSGOBJ6icpsIM=
github.com/jackc/pgpassfile v1.0.0/go.mod h1:CEx0iS5ambNFdcRtxPj5JhEz+xB6uRky5eyVu/W2HEg=
github.com/jackc/pgservicefile v0.0.0-20240606120523-5a60cdf6a761 h1:iCEnooe7UlwOQYpKFhBabPMi4aNAfoODPEFNiAnClxo=
github.com/jackc/pgservicefile v0.0.0-20240606120523-5a60cdf6a761/go.mod h1:5TJZWKEWniPve33vlWYSoGYefn3gLQRzjfDlhSJ9ZKM=
github.com/jackc/pgx/v5 v5.11.0 h1:IzBBtyK9AHqf98cctWFifYSci2hgQR/cd56wB4p+ogg=
github.com/jackc/pgx/v5 v5.11.0/go.mod h1:mal1tBGAFfLHvZzaYh77YS/eC6IX9OWbRV1QIIM0Jn4=
github.com/jackc/puddle/v2 v2.2.3 h1:f8HoREISb3l5eO9coPgK7U3hKLhWGokOFVcThl5jrao=
github.com/jackc/puddle/v2 v2.2.3/go.mod h1:vriiEXHvEE654aYKXXjOvZM39qJ0q+azkZFrfEOc3H4=
github.com/klauspost/compress v1.20.1 h1:T7kKElXUMXrUJ2E9QhQhxFtcK5rPyLdsGZvdbLMPdiQ=
github.com/klauspost/compress v1.20.1/go.mod h1:LUdAzn7YLVvxLpc7y3V1m40wESHTgc1422pwwBSKYuI=
github.com/kylelemons/godebug v1.1.0 h1:RPNrshWIDI6G2gRW9EHilWtl7Z6Sb1BR0xunSBf0SNc=
github.com/kylelemons/godebug v1.1.0/go.mod h1:9/0rRGxNHcop5bhtWyNeEfOS8JIWk580+fNqagV/RAw=
github.com/lib/pq v1.10.9 h1:YXG7RB+JIjhP29X+OtkiDnYaXQwpS4JEWq7dtCCRUEw=
github.com/lib/pq v1.10.9/go.mod h1:AlVN5x4E4T544tWzH6hKfbfQvm3HdbOxrmggDNAPY9o=
github.com/moby/docker-image-spec v1.3.1 h1:jMKff3w6PgbfSa69GfNg+zN/XLhfXJGnEx3Nl2EsFP0=
github.com/moby/docker-image-spec v1.3.1/go.mod h1:eKmb5VW8vQEh/BAr2yvVNvuiJuY6UIocYsFu/DxxRpo=
github.com/moby/moby/api v1.54.2 h1:wiat9QAhnDQjA7wk1kh/TqHz2I1uUA7M7t9SAl/JNXg=
github.com/moby/moby/api v1.54.2/go.mod h1:+RQ6wluLwtYaTd1WnPLykIDPekkuyD/ROWQClE83pzs=
github.com/moby/moby/client v0.4.1 h1:DMQgisVoMkmMs7fp3ROSdiBnoAu8+vo3GggFl06M/wY=
github.com/moby/moby/client v0.4.1/go.mod h1:z52C9O2POPOsnxZAy//WtKcQ32P+jT/NGeXu/7nfjGQ=
github.com/moby/term v0.5.2 h1:6qk3FJAFDs6i/q3W/pQ97SX192qKfZgGjCQqfCJkgzQ=
github.com/moby/term v0.5.2/go.mod h1:d3djjFCrjnB+fl8NJux+EJzu0msscUP+f8it8hPkFLc=
github.com/morikuni/aec v1.0.0 h1:nP9CBfwrvYnBRgY6qfDQkygYDmYwOilePFkwzv4dU8A=
github.com/morikuni/aec v1.0.0/go.mod h1:BbKIizmSmc5MMPqRYbxO4ZU0S0+P200+tUnFx7PXmsc=
github.com/munnerz/goautoneg v0.0.0-20191010083416-a7dc8b61c822 h1:C3w9PqII01/Oq1c1nUAm88MOHcQC9l5mIlSMApZMrHA=
github.com/munnerz/goautoneg v0.0.0-20191010083416-a7dc8b61c822/go.mod h1:+n7T8mK8HuQTcFwEeznm/DIxMOiR9yIdICNftLE1DvQ=
github.com/opencontainers/go-digest v1.0.0 h1:apOUWs51W5PlhuyGyz9FCeeBIOUDA/6nW8Oi/yOhh5U=
github.com/opencontainers/go-digest v1.0.0/go.mod h1:0JzlMkj0TRzQZfJkVvzbP0HBR3IKzErnv2BNG4W4MAM=
github.com/opencontainers/image-spec v1.1.1 h1:y0fUlFfIZhPF1W537XOLg0/fcx6zcHCJwooC2xJA040=
github.com/opencontainers/image-spec v1.1.1/go.mod h1:qpqAh3Dmcf36wStyyWU+kCeDgrGnAve2nCC8+7h8Q0M=
github.com/pkg/errors v0.9.1 h1:FEBLx1zS214owpjy7qsBeixbURkuhQAwrK5UwLGTwt4=
github.com/pkg/errors v0.9.1/go.mod h1:bwawxfHBFNV+L2hUp1rHADufV3IMtnDRdf1r5NINEl0=
github.com/pmezard/go-difflib v1.0.0/go.mod h1:iKH77koFhYxTK1pcRnkKkqfTogsbg7gZNVY4sRDYZ/4=
github.com/prometheus/client_golang v1.25.0 h1:cDtW1TcFsMi1RJc8khwCKB4VhzwV04aKqbYtNOXuiK0=
github.com/prometheus/client_golang v1.25.0/go.mod h1:j2X/4/kaQHLPnmyEU8zjmkndo1T317VpCIQEml8LTKk=
github.com/prometheus/client_model v0.6.3 h1:O0jaTVAYNxTHYInEPFJt5I3+sN8zqBtVMPTB1qyxiEo=
github.com/prometheus/client_model v0.6.3/go.mod h1:gpN5P9S7Rr6Yr92PiQ+Ixvhf6JZEkF1dnxsYL2aPBEM=
github.com/prometheus/common v0.72.0 h1:tAYsE+sPJxIncDAobm4H5aQjmox9ZxEIIqPbiffa8G4=
github.com/prometheus/common v0.72.0/go.mod h1:77NWqAQ2tXT7BIK40qjJdw5Acrsrg1TlHAnsQi3i6mk=
github.com/prometheus/procfs v0.22.0 h1:6q9+/JL9IKAPbCmBrv9n5O5Ty3NKnciV5X7YGw0oics=
github.com/prometheus/procfs v0.22.0/go.mod h1:CvmFr/GVhIjIvWJZW3tgkODBQMRIf0EyWMQLHCHab58=
github.com/stretchr/objx v0.1.0/go.mod h1:HFkY916IF+rwdDfMAkV7OtwuqBVzrE8GR6GFx+wExME=
github.com/stretchr/testify v1.3.0/go.mod h1:M5WIy9Dh21IEIfnGCwXGc5bZfKNJtfHm1UVUgZn+9EI=
github.com/stretchr/testify v1.7.0/go.mod h1:6Fq8oRcR53rry900zMqJjRRixrwX3KX962/h/Wwjteg=
github.com/stretchr/testify v1.12.1 h1:EuwCh5fleGS7H32xRwO3wRGT7DxrDhLAT6FF8MpWDWE=
github.com/stretchr/testify v1.12.1/go.mod h1:MDEgiDPPsNp5cuIrHPPCyornHKgEVbtFUmoNlxoYthg=
github.com/swaggo/files/v2 v2.0.2 h1:Bq4tgS/yxLB/3nwOMcul5oLEUKa877Ykgz3CJMVbQKU=
github.com/swaggo/files/v2 v2.0.2/go.mod h1:TVqetIzZsO9OhHX1Am9sRf9LdrFZqoK49N37KON/jr0=
github.com/swaggo/http-swagger/v2 v2.0.2 h1:FKCdLsl+sFCx60KFsyM0rDarwiUSZ8DqbfSyIKC9OBg=
github.com/swaggo/http-swagger/v2 v2.0.2/go.mod h1:r7/GBkAWIfK6E/OLnE8fXnviHiDeAHmgIyooa4xm3AQ=
github.com/swaggo/swag v1.16.6 h1:qBNcx53ZaX+M5dxVyTrgQ0PJ/ACK+NzhwcbieTt+9yI=
github.com/swaggo/swag v1.16.6/go.mod h1:ngP2etMK5a0P3QBizic5MEwpRmluJZPHjXcMoj4Xesg=
go.opentelemetry.io/auto/sdk v1.2.1 h1:jXsnJ4Lmnqd11kwkBV2LgLoFMZKizbCi5fNZ/ipaZ64=
go.opentelemetry.io/auto/sdk v1.2.1/go.mod h1:KRTj+aOaElaLi+wW1kO/DZRXwkF4C5xPbEe3ZiIhN7Y=
go.opentelemetry.io/contrib/bridges/otelzap v0.21.0 h1:p23nklcy3VVRcfZ2ce5AXQa6RHQPQvIMM+fW3GzXCU0=
go.opentelemetry.io/contrib/bridges/otelzap v0.21.0/go.mod h1:7NPD4VToURMipQu1xgz6seTz8aXmbCqQNZs7bQADEjU=
go.opentelemetry.io/contrib/instrumentation/net/http/otelhttp v0.72.0 h1:LxwW/9ctSCv+QkE/cLR7M91ZIkXNMqJtEMi1vCw9U8s=
go.opentelemetry.io/contrib/instrumentation/net/http/otelhttp v0.72.0/go.mod h1:tOsftB4SslBwwErVEPaenU2RpThXWPIU8DoJHEC4dyw=
go.opentelemetry.io/contrib/instrumentation/runtime v0.72.0 h1:rv8t3kKjyC2/9D99L1MZt4tJSZO4aYUmHus7L//iKKg=
go.opentelemetry.io/contrib/instrumentation/runtime v0.72.0/go.mod h1:ZzG+JmzLLvKzx6tMeLrw2l7F8ik2GeRZJALoPBqnM0c=
go.opentelemetry.io/otel v1.47.0 h1:j7ALJ/zgkS7Z6aeJW09p8VC9804bC+PpeTfCD4XPnOM=
go.opentelemetry.io/otel v1.47.0/go.mod h1:8wS9O2qfXrYrzp6hIF/HOYJJf/wIhFPhR2xLuP+iXQU=
go.opentelemetry.io/otel/exporters/otlp/otlplog/otlploghttp v0.23.0 h1:5WVp40k2fJHuc5BtNTgKk+EugKFT8Eg3lywFfCPI/nE=
go.opentelemetry.io/otel/exporters/otlp/otlplog/otlploghttp v0.23.0/go.mod h1:59nH0RYCGHRlwt15WyioeSYINBbuObeBpTowPhEKWHY=
go.opentelemetry.io/otel/exporters/otlp/otlpmetric/otlpmetrichttp v1.47.0 h1:7kszRN4Ze5GeAkUnBjBSUIunVBMA+mZIG04auueqguM=
go.opentelemetry.io/otel/exporters/otlp/otlpmetric/otlpmetrichttp v1.47.0/go.mod h1:CLzakYy8jOdkBfcveCWYkeKJxujcF4xPhh2Z7IfE98U=
go.opentelemetry.io/otel/exporters/otlp/otlptrace v1.47.0 h1:julhjPeUH/q/7hinbSdDdqt5h7Zw9YWmRlWRhI0jd54=
go.opentelemetry.io/otel/exporters/otlp/otlptrace v1.47.0/go.mod h1:Ao2mz688LH/tFf0yMAenidq6k2YNSx6SIY2q6jDACck=
go.opentelemetry.io/otel/exporters/otlp/otlptrace/otlptracehttp v1.47.0 h1:aXZXsZ012wOgVkqaiQv+Z/d8V0xKjmg70F6m4CE94lc=
go.opentelemetry.io/otel/exporters/otlp/otlptrace/otlptracehttp v1.47.0/go.mod h1:ziu1gUIJhAaxM3EV1e3Ralk5AAyL1UOYz3lJJ4VSI38=
go.opentelemetry.io/otel/log v1.47.0 h1:cOTS1CcLbSQeZKanGJ+0JpF/+t4PELi3O3bbl2lqCcI=
go.opentelemetry.io/otel/log v1.47.0/go.mod h1:9byitSQ5pLC6PpqwGXjqdMKya6ZTswHRZh2vvXT33nw=
go.opentelemetry.io/otel/log/logtest v0.23.0 h1:XeI2D+/DjUMYzrfmMPXOxnTIkUTCXT/HwQ5QBJSEC/8=
go.opentelemetry.io/otel/log/logtest v0.23.0/go.mod h1:TOVBzNwEZG0vmQUuvE9UHaiKkUN7q3j1d+GeVGs/yQ8=
go.opentelemetry.io/otel/metric v1.47.0 h1:4PptaldXx3Eat1XjMZ68pPJEs5wrhlemctZE9a3UdWY=
go.opentelemetry.io/otel/metric v1.47.0/go.mod h1:ADGSXxRrXM6bjbvLo535EstVFlPpPYZm4LBKixjDHwU=
go.opentelemetry.io/otel/metric/x v0.69.0 h1:DjRLr15H83v+hCW7JA9NoJvOkYTtmq5YoDRbe9deYpM=
go.opentelemetry.io/otel/metric/x v0.69.0/go.mod h1:uVvsMPMFFyj/HUQfrUnH3JjnOQ1dwFDorgFLRBasM0k=
go.opentelemetry.io/otel/sdk v1.47.0 h1:zWXEr4j2lFefG87TU6Yg8a7ngfohIKFZHKp0Hf5hC6I=
go.opentelemetry.io/otel/sdk v1.47.0/go.mod h1:VUc24kiOeoGsxG8G9ULx3fWKvB7jMhnGE8Oi607lgR0=
go.opentelemetry.io/otel/sdk/log v1.47.0 h1:W4N/ZfgpkRRnmARnqYoQ6BrWA0mrj8IzVDNLlpmUJZY=
go.opentelemetry.io/otel/sdk/log v1.47.0/go.mod h1:Wu74Z2EmOKXi2FleSNAb0Hyau2G+r5kubSEMJw5aAMs=
go.opentelemetry.io/otel/sdk/log/logtest v0.23.0 h1:j3pm42QCrKYYLLkI6OrV1QHFkUfDA6/4EP+Y1PzggLg=
go.opentelemetry.io/otel/sdk/log/logtest v0.23.0/go.mod h1:zt0gEnuTZgDvqvczHwYswz93eqMaIr6upTTsdV/HUlU=
go.opentelemetry.io/otel/sdk/metric v1.47.0 h1:lfISg2j93VT6yqdk9OfUaZmw/GfcZqCCV3jdXtsPnKw=
go.opentelemetry.io/otel/sdk/metric v1.47.0/go.mod h1:ypLp+mW1Nt2x+Szt3b5/i1syodyts49lMOwxpDI3VGw=
go.opentelemetry.io/otel/trace v1.47.0 h1:JOjX/Oci8K94QHddo+bbfya/Ai/nf6/dt9ZfrFNWSrM=
go.opentelemetry.io/otel/trace v1.47.0/go.mod h1:jNaSLa2PZEYFG6fRjJABAu+bw4FS08uDmPg28lTghu0=
go.opentelemetry.io/proto/otlp v1.11.1 h1:SCrPqH9NE5CmBrOqpjNCiT0X5mGwMyGERXdogfR7Yjw=
go.opentelemetry.io/proto/otlp v1.11.1/go.mod h1:wq8W4aSf6bOy8RZyESOeQFr9Pu7wydWX/TY4sgvrTPg=
go.uber.org/goleak v1.3.0 h1:2K3zAYmnTNqV73imy9J1T3WC+gmCePx2hEGkimedGto=
go.uber.org/goleak v1.3.0/go.mod h1:CoHD4mav9JJNrW/WLlf7HGZPjdw8EucARQHekz1X6bE=
go.uber.org/multierr v1.11.0 h1:blXXJkSxSSfBVBlC76pxqeO+LN3aDfLQo+309xJstO0=
go.uber.org/multierr v1.11.0/go.mod h1:20+QtiLqy0Nd6FdQB9TLXag12DsQkrbs3htMFfDN80Y=
go.uber.org/zap v1.28.0 h1:IZzaP1Fv73/T/pBMLk4VutPl36uNC+OSUh3JLG3FIjo=
go.uber.org/zap v1.28.0/go.mod h1:rDLpOi171uODNm/mxFcuYWxDsqWSAVkFdX4XojSKg/Q=
go.yaml.in/yaml/v2 v2.4.4 h1:tuyd0P+2Ont/d6e2rl3be67goVK4R6deVxCUX5vyPaQ=
go.yaml.in/yaml/v2 v2.4.4/go.mod h1:gMZqIpDtDqOfM0uNfy0SkpRhvUryYH0Z6wdMYcacYXQ=
go.yaml.in/yaml/v3 v3.0.5 h1:N6y/pJk8buWs9NY5ERU2HSMfm+IuD/OtfdAnq6kESPw=
go.yaml.in/yaml/v3 v3.0.5/go.mod h1:HVTZu1O7/Vkt2N+BFy8Zza+lnLsABggaTM2ZpNIGuKg=
golang.org/x/crypto v0.58.0 h1:COkYLr4k7nDI4r6QtMML2AfzeIswWHAJthLS6K/M/54=
golang.org/x/crypto v0.58.0/go.mod h1:Xh+kl5A+M0gMiWDytH2Hhr5Z7WbNCpv/eB/EFgfSk+w=
golang.org/x/mod v0.41.0 h1:qJmnOUb4YB+FsEuM3HcWucdZASCPGhsX6uljO6pog0c=
golang.org/x/mod v0.41.0/go.mod h1:Ek9pY8RKWXwsWvd3rQiHYtMqkjSUV+s1Rj7j4H5Ur6o=
golang.org/x/net v0.61.0 h1:RR+6j/BTBCrggOLugxa+66R8FvoN6MHlzDlZIbN9YFw=
golang.org/x/net v0.61.0/go.mod h1:WgDCOTH8iwtB66T4/GfI94AHo/hhdb7Hah9NDseQfiI=
golang.org/x/sync v0.24.0 h1:iqiDrGoDgyuvAKrhLQthUEzU/R378N78gXbBjxed7oA=
golang.org/x/sync v0.24.0/go.mod h1:sUUOizhqBxiL6pEWpqNLUiaJn1ShEbZ6BBqskPbjZm0=
golang.org/x/sys v0.49.0 h1:XbzkgYJHdqh/8m2Uu0W/dQv8nktxx4BFHp1M0gROTXA=
golang.org/x/sys v0.49.0/go.mod h1:hNLxWAXmnKAxqDtdwIYC4bM9oQPEecfsnNMuSxOs3og=
golang.org/x/text v0.43.0 h1:1QivrlhwAsnMOcqgOdl9my7s9OyZl8O5/UGUTJVXoWc=
golang.org/x/text v0.43.0/go.mod h1:hbSIYA/amXcRXTFSZqh8tWHEoqRvvbKPJ2uz/KU+a+s=
golang.org/x/tools v0.51.0 h1:k4Xc/1Om9jwkBJBo4NVLMSARBoWtK10mx+W5BnXCeAI=
golang.org/x/tools v0.51.0/go.mod h1:9eEncMayCV6zRMGhR5eZEC2iBx98qWcF1HZ9Z7wJOoA=
gonum.org/v1/gonum v0.17.0 h1:VbpOemQlsSMrYmn7T2OUvQ4dqxQXU+ouZFQsZOx50z4=
gonum.org/v1/gonum v0.17.0/go.mod h1:El3tOrEuMpv2UdMrbNlKEh9vd86bmQ6vqIcDwxEOc1E=
google.golang.org/genproto/googleapis/api v0.0.0-20261005182115-fad411399dd8 h1:cFbkNigDInw+wVTXc+CyhUsoHGJCw0BR6mlNoRVfre0=
google.golang.org/genproto/googleapis/api v0.0.0-20261005182115-fad411399dd8/go.mod h1:QK6p7IgD7IZEZJBhhSUCib5X2vMOzlrGCGUw2XyVDh0=
google.golang.org/genproto/googleapis/rpc v0.0.0-20261005182115-fad411399dd8 h1:0SXBqli5dnuCKMjI/X3FM226zEaEa0GUcSCJtN1vL2o=
google.golang.org/genproto/googleapis/rpc v0.0.0-20261005182115-fad411399dd8/go.mod h1:OaIUM3+LpYcK2GXM4FTmhWoIq371Owdr+Cc7/BsYHHc=
google.golang.org/grpc v1.84.0 h1:soMyaPJ8pAak5PIQ0DGBUir0XRo2fRoMqhNWMLlLxO0=
google.golang.org/grpc v1.84.0/go.mod h1:ljCht0DrxQrXBDRTZp52Qxh3Ffk8CdYm2sj4O2QN2C0=
google.golang.org/protobuf v1.36.12 h1:pJOKDDOyeXErUroCihFAd5LQuwXBSpVnKGrj5o/fwxc=
google.golang.org/protobuf v1.36.12/go.mod h1:HTf+CrKn2C3g5S8VImy6tdcUvCska2kB7j23XfzDpco=
gopkg.in/check.v1 v0.0.0-20161208181325-20d25e280405/go.mod h1:Co6ibVJAznAaIkqp8huTwlJQCZ016jof/cbN4VW5Yz0=
gopkg.in/yaml.v3 v3.0.0-20200313102051-9f266ea9e77c/go.mod h1:K4uyk7z7BCEPqu6E+C64Yfv1cQ7kz7rIZviUmN+EgEM=
